
Microsoft Visual Studio Solution File, Format Version 12.00
# Visual Studio Version 16
VisualStudioVersion = 16.0.29613.14
MinimumVisualStudioVersion = 10.0.40219.1
Project("{FAE04EC0-301F-11D3-BF4B-00C04F79EFBC}") = "SingletonExample", "SingletonExample\SingletonExample.csproj", "{77DA1D62-AD65-4060-BD01-4D4F4E383DFA}"
EndProject
Global
	GlobalSection(SolutionConfigurationPlatforms) = preSolution
		Debug|Any CPU = Debug|Any CPU
		Release|Any CPU = Release|Any CPU
	EndGlobalSection
	GlobalSection(ProjectConfigurationPlatforms) = postSolution
		{77DA1D62-AD65-4060-BD01-4D4F4E383DFA}.Debug|Any CPU.ActiveCfg = Debug|Any CPU
		{77DA1D62-AD65-4060-BD01-4D4F4E383DFA}.Debug|Any CPU.Build.0 = Debug|Any CPU
		{77DA1D62-AD65-4060-BD01-4D4F4E383DFA}.Release|Any CPU.ActiveCfg = Release|Any CPU
		{77DA1D62-AD65-4060-BD01-4D4F4E383DFA}.Release|Any CPU.Build.0 = Release|Any CPU
	EndGlobalSection
	GlobalSection(SolutionProperties) = preSolution
		HideSolutionNode = FALSE
	EndGlobalSection
	GlobalSection(ExtensibilityGlobals) = postSolution
		SolutionGuid = {7F182FE1-3D55-4CD0-A993-00D4B5580CD7}
	EndGlobalSection
EndGlobal
